
Microsoft Visual Studio Solution File, Format Version 12.00
# Visual Studio 2017
Project("{FAE04EC0-301F-11D3-BF4B-00C04F79EFBC}") = "UM Net Shooter.Plugins", "UM Net Shooter.Plugins.csproj", "{BADD8538-5C59-A3F2-9375-FFCE1DC0C13D}"
EndProject
Project("{FAE04EC0-301F-11D3-BF4B-00C04F79EFBC}") = "UM Net Shooter", "UM Net Shooter.csproj", "{141C041D-74E9-F857-DCF5-2C13B9163487}"
EndProject
Project("{FAE04EC0-301F-11D3-BF4B-00C04F79EFBC}") = "UM Net Shooter.Editor", "UM Net Shooter.Editor.csproj", "{DEAE32B9-3EA3-6966-CC52-A817D8DF052D}"
EndProject
Global
	GlobalSection(SolutionConfigurationPlatforms) = preSolution
		Debug|Any CPU = Debug|Any CPU
		Release|Any CPU = Release|Any CPU
	EndGlobalSection
	GlobalSection(ProjectConfigurationPlatforms) = postSolution
		{BADD8538-5C59-A3F2-9375-FFCE1DC0C13D}.Debug|Any CPU.ActiveCfg = Debug|Any CPU
		{BADD8538-5C59-A3F2-9375-FFCE1DC0C13D}.Debug|Any CPU.Build.0 = Debug|Any CPU
		{BADD8538-5C59-A3F2-9375-FFCE1DC0C13D}.Release|Any CPU.ActiveCfg = Release|Any CPU
		{BADD8538-5C59-A3F2-9375-FFCE1DC0C13D}.Release|Any CPU.Build.0 = Release|Any CPU
		{141C041D-74E9-F857-DCF5-2C13B9163487}.Debug|Any CPU.ActiveCfg = Debug|Any CPU
		{141C041D-74E9-F857-DCF5-2C13B9163487}.Debug|Any CPU.Build.0 = Debug|Any CPU
		{141C041D-74E9-F857-DCF5-2C13B9163487}.Release|Any CPU.ActiveCfg = Release|Any CPU
		{141C041D-74E9-F857-DCF5-2C13B9163487}.Release|Any CPU.Build.0 = Release|Any CPU
		{DEAE32B9-3EA3-6966-CC52-A817D8DF052D}.Debug|Any CPU.ActiveCfg = Debug|Any CPU
		{DEAE32B9-3EA3-6966-CC52-A817D8DF052D}.Debug|Any CPU.Build.0 = Debug|Any CPU
		{DEAE32B9-3EA3-6966-CC52-A817D8DF052D}.Release|Any CPU.ActiveCfg = Release|Any CPU
		{DEAE32B9-3EA3-6966-CC52-A817D8DF052D}.Release|Any CPU.Build.0 = Release|Any CPU
	EndGlobalSection
	GlobalSection(SolutionProperties) = preSolution
		HideSolutionNode = FALSE
	EndGlobalSection
EndGlobal
